// !$*UTF8*$!
{
	archiveVersion = 1;
	classes = {
	};
	objectVersion = 50;
	objects = {

/* Begin PBXBuildFile section */
		1A95B8482442A1A1004CFF15 /* AppDelegate.swift in Sources */ = {isa = PBXBuildFile; fileRef = 1A95B8472442A1A1004CFF15 /* AppDelegate.swift */; };
		1A95B84A2442A1A1004CFF15 /* SceneDelegate.swift in Sources */ = {isa = PBXBuildFile; fileRef = 1A95B8492442A1A1004CFF15 /* SceneDelegate.swift */; };
		1A95B84C2442A1A1004CFF15 /* ViewController.swift in Sources */ = {isa = PBXBuildFile; fileRef = 1A95B84B2442A1A1004CFF15 /* ViewController.swift */; };
		1A95B84F2442A1A1004CFF15 /* Main.storyboard in Resources */ = {isa = PBXBuildFile; fileRef = 1A95B84D2442A1A1004CFF15 /* Main.storyboard */; };
		1A95B8512442A1A3004CFF15 /* Assets.xcassets in Resources */ = {isa = PBXBuildFile; fileRef = 1A95B8502442A1A3004CFF15 /* Assets.xcassets */; };
		1A95B8542442A1A3004CFF15 /* LaunchScreen.storyboard in Resources */ = {isa = PBXBuildFile; fileRef = 1A95B8522442A1A3004CFF15 /* LaunchScreen.storyboard */; };
		1A95B85F2442A1A3004CFF15 /* FlixsterTests.swift in Sources */ = {isa = PBXBuildFile; fileRef = 1A95B85E2442A1A3004CFF15 /* FlixsterTests.swift */; };
		1A95B86A2442A1A3004CFF15 /* FlixsterUITests.swift in Sources */ = {isa = PBXBuildFile; fileRef = 1A95B8692442A1A3004CFF15 /* FlixsterUITests.swift */; };
/* End PBXBuildFile section */

/* Begin PBXContainerItemProxy section */
		1A95B85B2442A1A3004CFF15 /* PBXContainerItemProxy */ = {
			isa = PBXContainerItemProxy;
			containerPortal = 1A95B83C2442A1A1004CFF15 /* Project object */;
			proxyType = 1;
			remoteGlobalIDString = 1A95B8432442A1A1004CFF15;
			remoteInfo = Flixster;
		};
		1A95B8662442A1A3004CFF15 /* PBXContainerItemProxy */ = {
			isa = PBXContainerItemProxy;
			containerPortal = 1A95B83C2442A1A1004CFF15 /* Project object */;
			proxyType = 1;
			remoteGlobalIDString = 1A95B8432442A1A1004CFF15;
			remoteInfo = Flixster;
		};
/* End PBXContainerItemProxy section */

/* Begin PBXFileReference section */
		1A95B8442442A1A1004CFF15 /* Flixster.app */ = {isa = PBXFileReference; explicitFileType = wrapper.application; includeInIndex = 0; path = Flixster.app; sourceTree = BUILT_PRODUCTS_DIR; };
		1A95B8472442A1A1004CFF15 /* AppDelegate.swift */ = {isa = PBXFileReference; lastKnownFileType = sourcecode.swift; path = AppDelegate.swift; sourceTree = "<group>"; };
		1A95B8492442A1A1004CFF15 /* SceneDelegate.swift */ = {isa = PBXFileReference; lastKnownFileType = sourcecode.swift; path = SceneDelegate.swift; sourceTree = "<group>"; };
		1A95B84B2442A1A1004CFF15 /* ViewController.swift */ = {isa = PBXFileReference; lastKnownFileType = sourcecode.swift; path = ViewController.swift; sourceTree = "<group>"; };
		1A95B84E2442A1A1004CFF15 /* Base */ = {isa = PBXFileReference; lastKnownFileType = file.storyboard; name = Base; path = Base.lproj/Main.storyboard; sourceTree = "<group>"; };
		1A95B8502442A1A3004CFF15 /* Assets.xcassets */ = {isa = PBXFileReference; lastKnownFileType = folder.assetcatalog; path = Assets.xcassets; sourceTree = "<group>"; };
		1A95B8532442A1A3004CFF15 /* Base */ = {isa = PBXFileReference; lastKnownFileType = file.storyboard; name = Base; path = Base.lproj/LaunchScreen.storyboard; sourceTree = "<group>"; };
		1A95B8552442A1A3004CFF15 /* Info.plist */ = {isa = PBXFileReference; lastKnownFileType = text.plist.xml; path = Info.plist; sourceTree = "<group>"; };
		1A95B85A2442A1A3004CFF15 /* FlixsterTests.xctest */ = {isa = PBXFileReference; explicitFileType = wrapper.cfbundle; includeInIndex = 0; path = FlixsterTests.xctest; sourceTree = BUILT_PRODUCTS_DIR; };
		1A95B85E2442A1A3004CFF15 /* FlixsterTests.swift */ = {isa = PBXFileReference; lastKnownFileType = sourcecode.swift; path = FlixsterTests.swift; sourceTree = "<group>"; };
		1A95B8602442A1A3004CFF15 /* Info.plist */ = {isa = PBXFileReference; lastKnownFileType = text.plist.xml; path = Info.plist; sourceTree = "<group>"; };
		1A95B8652442A1A3004CFF15 /* FlixsterUITests.xctest */ = {isa = PBXFileReference; explicitFileType = wrapper.cfbundle; includeInIndex = 0; path = FlixsterUITests.xctest; sourceTree = BUILT_PRODUCTS_DIR; };
		1A95B8692442A1A3004CFF15 /* FlixsterUITests.swift */ = {isa = PBXFileReference; lastKnownFileType = sourcecode.swift; path = FlixsterUITests.swift; sourceTree = "<group>"; };
		1A95B86B2442A1A3004CFF15 /* Info.plist */ = {isa = PBXFileReference; lastKnownFileType = text.plist.xml; path = Info.plist; sourceTree = "<group>"; };
/* End PBXFileReference section */

/* Begin PBXFrameworksBuildPhase section */
		1A95B8412442A1A1004CFF15 /* Frameworks */ = {
			isa = PBXFrameworksBuildPhase;
			buildActionMask = 2147483647;
			files = (
			);
			runOnlyForDeploymentPostprocessing = 0;
		};
		1A95B8572442A1A3004CFF15 /* Frameworks */ = {
			isa = PBXFrameworksBuildPhase;
			buildActionMask = 2147483647;
			files = (
			);
			runOnlyForDeploymentPostprocessing = 0;
		};
		1A95B8622442A1A3004CFF15 /* Frameworks */ = {
			isa = PBXFrameworksBuildPhase;
			buildActionMask = 2147483647;
			files = (
			);
			runOnlyForDeploymentPostprocessing = 0;
		};
/* End PBXFrameworksBuildPhase section */

/* Begin PBXGroup section */
		1A95B83B2442A1A1004CFF15 = {
			isa = PBXGroup;
			children = (
				1A95B8462442A1A1004CFF15 /* Flixster */,
				1A95B85D2442A1A3004CFF15 /* FlixsterTests */,
				1A95B8682442A1A3004CFF15 /* FlixsterUITests */,
				1A95B8452442A1A1004CFF15 /* Products */,
			);
			sourceTree = "<group>";
		};
		1A95B8452442A1A1004CFF15 /* Products */ = {
			isa = PBXGroup;
			children = (
				1A95B8442442A1A1004CFF15 /* Flixster.app */,
				1A95B85A2442A1A3004CFF15 /* FlixsterTests.xctest */,
				1A95B8652442A1A3004CFF15 /* FlixsterUITests.xctest */,
			);
			name = Products;
			sourceTree = "<group>";
		};
		1A95B8462442A1A1004CFF15 /* Flixster */ = {
			isa = PBXGroup;
			children = (
				1A95B8472442A1A1004CFF15 /* AppDelegate.swift */,
				1A95B8492442A1A1004CFF15 /* SceneDelegate.swift */,
				1A95B84B2442A1A1004CFF15 /* ViewController.swift */,
				1A95B84D2442A1A1004CFF15 /* Main.storyboard */,
				1A95B8502442A1A3004CFF15 /* Assets.xcassets */,
				1A95B8522442A1A3004CFF15 /* LaunchScreen.storyboard */,
				1A95B8552442A1A3004CFF15 /* Info.plist */,
			);
			path = Flixster;
			sourceTree = "<group>";
		};
		1A95B85D2442A1A3004CFF15 /* FlixsterTests */ = {
			isa = PBXGroup;
			children = (
				1A95B85E2442A1A3004CFF15 /* FlixsterTests.swift */,
				1A95B8602442A1A3004CFF15 /* Info.plist */,
			);
			path = FlixsterTests;
			sourceTree = "<group>";
		};
		1A95B8682442A1A3004CFF15 /* FlixsterUITests */ = {
			isa = PBXGroup;
			children = (
				1A95B8692442A1A3004CFF15 /* FlixsterUITests.swift */,
				1A95B86B2442A1A3004CFF15 /* Info.plist */,
			);
			path = FlixsterUITests;
			sourceTree = "<group>";
		};
/* End PBXGroup section */

/* Begin PBXNativeTarget section */
		1A95B8432442A1A1004CFF15 /* Flixster */ = {
			isa = PBXNativeTarget;
			buildConfigurationList = 1A95B86E2442A1A3004CFF15 /* Build configuration list for PBXNativeTarget "Flixster" */;
			buildPhases = (
				1A95B8402442A1A1004CFF15 /* Sources */,
				1A95B8412442A1A1004CFF15 /* Frameworks */,
				1A95B8422442A1A1004CFF15 /* Resources */,
			);
			buildRules = (
			);
			dependencies = (
			);
			name = Flixster;
			productName = Flixster;
			productReference = 1A95B8442442A1A1004CFF15 /* Flixster.app */;
			productType = "com.apple.product-type.application";
		};
		1A95B8592442A1A3004CFF15 /* FlixsterTests */ = {
			isa = PBXNativeTarget;
			buildConfigurationList = 1A95B8712442A1A3004CFF15 /* Build configuration list for PBXNativeTarget "FlixsterTests" */;
			buildPhases = (
				1A95B8562442A1A3004CFF15 /* Sources */,
				1A95B8572442A1A3004CFF15 /* Frameworks */,
				1A95B8582442A1A3004CFF15 /* Resources */,
			);
			buildRules = (
			);
			dependencies = (
				1A95B85C2442A1A3004CFF15 /* PBXTargetDependency */,
			);
			name = FlixsterTests;
			productName = FlixsterTests;
			productReference = 1A95B85A2442A1A3004CFF15 /* FlixsterTests.xctest */;
			productType = "com.apple.product-type.bundle.unit-test";
		};
		1A95B8642442A1A3004CFF15 /* FlixsterUITests */ = {
			isa = PBXNativeTarget;
			buildConfigurationList = 1A95B8742442A1A3004CFF15 /* Build configuration list for PBXNativeTarget "FlixsterUITests" */;
			buildPhases = (
				1A95B8612442A1A3004CFF15 /* Sources */,
				1A95B8622442A1A3004CFF15 /* Frameworks */,
				1A95B8632442A1A3004CFF15 /* Resources */,
			);
			buildRules = (
			);
			dependencies = (
				1A95B8672442A1A3004CFF15 /* PBXTargetDependency */,
			);
			name = FlixsterUITests;
			productName = FlixsterUITests;
			productReference = 1A95B8652442A1A3004CFF15 /* FlixsterUITests.xctest */;
			productType = "com.apple.product-type.bundle.ui-testing";
		};
/* End PBXNativeTarget section */

/* Begin PBXProject section */
		1A95B83C2442A1A1004CFF15 /* Project object */ = {
			isa = PBXProject;
			attributes = {
				LastSwiftUpdateCheck = 1140;
				LastUpgradeCheck = 1140;
				ORGANIZATIONNAME = "Chase Chipres";
				TargetAttributes = {
					1A95B8432442A1A1004CFF15 = {
						CreatedOnToolsVersion = 11.4;
					};
					1A95B8592442A1A3004CFF15 = {
						CreatedOnToolsVersion = 11.4;
						TestTargetID = 1A95B8432442A1A1004CFF15;
					};
					1A95B8642442A1A3004CFF15 = {
						CreatedOnToolsVersion = 11.4;
						TestTargetID = 1A95B8432442A1A1004CFF15;
					};
				};
			};
			buildConfigurationList = 1A95B83F2442A1A1004CFF15 /* Build configuration list for PBXProject "Flixster" */;
			compatibilityVersion = "Xcode 9.3";
			developmentRegion = en;
			hasScannedForEncodings = 0;
			knownRegions = (
				en,
				Base,
			);
			mainGroup = 1A95B83B2442A1A1004CFF15;
			productRefGroup = 1A95B8452442A1A1004CFF15 /* Products */;
			projectDirPath = "";
			projectRoot = "";
			targets = (
				1A95B8432442A1A1004CFF15 /* Flixster */,
				1A95B8592442A1A3004CFF15 /* FlixsterTests */,
				1A95B8642442A1A3004CFF15 /* FlixsterUITests */,
			);
		};
/* End PBXProject section */

/* Begin PBXResourcesBuildPhase section */
		1A95B8422442A1A1004CFF15 /* Resources */ = {
			isa = PBXResourcesBuildPhase;
			buildActionMask = 2147483647;
			files = (
				1A95B8542442A1A3004CFF15 /* LaunchScreen.storyboard in Resources */,
				1A95B8512442A1A3004CFF15 /* Assets.xcassets in Resources */,
				1A95B84F2442A1A1004CFF15 /* Main.storyboard in Resources */,
			);
			runOnlyForDeploymentPostprocessing = 0;
		};
		1A95B8582442A1A3004CFF15 /* Resources */ = {
			isa = PBXResourcesBuildPhase;
			buildActionMask = 2147483647;
			files = (
			);
			runOnlyForDeploymentPostprocessing = 0;
		};
		1A95B8632442A1A3004CFF15 /* Resources */ = {
			isa = PBXResourcesBuildPhase;
			buildActionMask = 2147483647;
			files = (
			);
			runOnlyForDeploymentPostprocessing = 0;
		};
/* End PBXResourcesBuildPhase section */

/* Begin PBXSourcesBuildPhase section */
		1A95B8402442A1A1004CFF15 /* Sources */ = {
			isa = PBXSourcesBuildPhase;
			buildActionMask = 2147483647;
			files = (
				1A95B84C2442A1A1004CFF15 /* ViewController.swift in Sources */,
				1A95B8482442A1A1004CFF15 /* AppDelegate.swift in Sources */,
				1A95B84A2442A1A1004CFF15 /* SceneDelegate.swift in Sources */,
			);
			runOnlyForDeploymentPostprocessing = 0;
		};
		1A95B8562442A1A3004CFF15 /* Sources */ = {
			isa = PBXSourcesBuildPhase;
			buildActionMask = 2147483647;
			files = (
				1A95B85F2442A1A3004CFF15 /* FlixsterTests.swift in Sources */,
			);
			runOnlyForDeploymentPostprocessing = 0;
		};
		1A95B8612442A1A3004CFF15 /* Sources */ = {
			isa = PBXSourcesBuildPhase;
			buildActionMask = 2147483647;
			files = (
				1A95B86A2442A1A3004CFF15 /* FlixsterUITests.swift in Sources */,
			);
			runOnlyForDeploymentPostprocessing = 0;
		};
/* End PBXSourcesBuildPhase section */

/* Begin PBXTargetDependency section */
		1A95B85C2442A1A3004CFF15 /* PBXTargetDependency */ = {
			isa = PBXTargetDependency;
			target = 1A95B8432442A1A1004CFF15 /* Flixster */;
			targetProxy = 1A95B85B2442A1A3004CFF15 /* PBXContainerItemProxy */;
		};
		1A95B8672442A1A3004CFF15 /* PBXTargetDependency */ = {
			isa = PBXTargetDependency;
			target = 1A95B8432442A1A1004CFF15 /* Flixster */;
			targetProxy = 1A95B8662442A1A3004CFF15 /* PBXContainerItemProxy */;
		};
/* End PBXTargetDependency section */

/* Begin PBXVariantGroup section */
		1A95B84D2442A1A1004CFF15 /* Main.storyboard */ = {
			isa = PBXVariantGroup;
			children = (
				1A95B84E2442A1A1004CFF15 /* Base */,
			);
			name = Main.storyboard;
			sourceTree = "<group>";
		};
		1A95B8522442A1A3004CFF15 /* LaunchScreen.storyboard */ = {
			isa = PBXVariantGroup;
			children = (
				1A95B8532442A1A3004CFF15 /* Base */,
			);
			name = LaunchScreen.storyboard;
			sourceTree = "<group>";
		};
/* End PBXVariantGroup section */

/* Begin XCBuildConfiguration section */
		1A95B86C2442A1A3004CFF15 /* Debug */ = {
			isa = XCBuildConfiguration;
			buildSettings = {
				ALWAYS_SEARCH_USER_PATHS = NO;
				CLANG_ANALYZER_NONNULL = YES;
				CLANG_ANALYZER_NUMBER_OBJECT_CONVERSION = YES_AGGRESSIVE;
				CLANG_CXX_LANGUAGE_STANDARD = "gnu++14";
				CLANG_CXX_LIBRARY = "libc++";
				CLANG_ENABLE_MODULES = YES;
				CLANG_ENABLE_OBJC_ARC = YES;
				CLANG_ENABLE_OBJC_WEAK = YES;
				CLANG_WARN_BLOCK_CAPTURE_AUTORELEASING = YES;
				CLANG_WARN_BOOL_CONVERSION = YES;
				CLANG_WARN_COMMA = YES;
				CLANG_WARN_CONSTANT_CONVERSION = YES;
				CLANG_WARN_DEPRECATED_OBJC_IMPLEMENTATIONS = YES;
				CLANG_WARN_DIRECT_OBJC_ISA_USAGE = YES_ERROR;
				CLANG_WARN_DOCUMENTATION_COMMENTS = YES;
				CLANG_WARN_EMPTY_BODY = YES;
				CLANG_WARN_ENUM_CONVERSION = YES;
				CLANG_WARN_INFINITE_RECURSION = YES;
				CLANG_WARN_INT_CONVERSION = YES;
				CLANG_WARN_NON_LITERAL_NULL_CONVERSION = YES;
				CLANG_WARN_OBJC_IMPLICIT_RETAIN_SELF = YES;
				CLANG_WARN_OBJC_LITERAL_CONVERSION = YES;
				CLANG_WARN_OBJC_ROOT_CLASS = YES_ERROR;
				CLANG_WARN_RANGE_LOOP_ANALYSIS = YES;
				CLANG_WARN_STRICT_PROTOTYPES = YES;
				CLANG_WARN_SUSPICIOUS_MOVE = YES;
				CLANG_WARN_UNGUARDED_AVAILABILITY = YES_AGGRESSIVE;
				CLANG_WARN_UNREACHABLE_CODE = YES;
				CLANG_WARN__DUPLICATE_METHOD_MATCH = YES;
				COPY_PHASE_STRIP = NO;
				DEBUG_INFORMATION_FORMAT = dwarf;
				ENABLE_STRICT_OBJC_MSGSEND = YES;
				ENABLE_TESTABILITY = YES;
				GCC_C_LANGUAGE_STANDARD = gnu11;
				GCC_DYNAMIC_NO_PIC = NO;
				GCC_NO_COMMON_BLOCKS = YES;
				GCC_OPTIMIZATION_LEVEL = 0;
				GCC_PREPROCESSOR_DEFINITIONS = (
					"DEBUG=1",
					"$(inherited)",
				);
				GCC_WARN_64_TO_32_BIT_CONVERSION = YES;
				GCC_WARN_ABOUT_RETURN_TYPE = YES_ERROR;
				GCC_WARN_UNDECLARED_SELECTOR = YES;
				GCC_WARN_UNINITIALIZED_AUTOS = YES_AGGRESSIVE;
				GCC_WARN_UNUSED_FUNCTION = YES;
				GCC_WARN_UNUSED_VARIABLE = YES;
				IPHONEOS_DEPLOYMENT_TARGET = 13.4;
				MTL_ENABLE_DEBUG_INFO = INCLUDE_SOURCE;
				MTL_FAST_MATH = YES;
				ONLY_ACTIVE_ARCH = YES;
				SDKROOT = iphoneos;
				SWIFT_ACTIVE_COMPILATION_CONDITIONS = DEBUG;
				SWIFT_OPTIMIZATION_LEVEL = "-Onone";
			};
			name = Debug;
		};
		1A95B86D2442A1A3004CFF15 /* Release */ = {
			isa = XCBuildConfiguration;
			buildSettings = {
				ALWAYS_SEARCH_USER_PATHS = NO;
				CLANG_ANALYZER_NONNULL = YES;
				CLANG_ANALYZER_NUMBER_OBJECT_CONVERSION = YES_AGGRESSIVE;
				CLANG_CXX_LANGUAGE_STANDARD = "gnu++14";
				CLANG_CXX_LIBRARY = "libc++";
				CLANG_ENABLE_MODULES = YES;
				CLANG_ENABLE_OBJC_ARC = YES;
				CLANG_ENABLE_OBJC_WEAK = YES;
				CLANG_WARN_BLOCK_CAPTURE_AUTORELEASING = YES;
				CLANG_WARN_BOOL_CONVERSION = YES;
				CLANG_WARN_COMMA = YES;
				CLANG_WARN_CONSTANT_CONVERSION = YES;
				CLANG_WARN_DEPRECATED_OBJC_IMPLEMENTATIONS = YES;
				CLANG_WARN_DIRECT_OBJC_ISA_USAGE = YES_ERROR;
				CLANG_WARN_DOCUMENTATION_COMMENTS = YES;
				CLANG_WARN_EMPTY_BODY = YES;
				CLANG_WARN_ENUM_CONVERSION = YES;
				CLANG_WARN_INFINITE_RECURSION = YES;
				CLANG_WARN_INT_CONVERSION = YES;
				CLANG_WARN_NON_LITERAL_NULL_CONVERSION = YES;
				CLANG_WARN_OBJC_IMPLICIT_RETAIN_SELF = YES;
				CLANG_WARN_OBJC_LITERAL_CONVERSION = YES;
				CLANG_WARN_OBJC_ROOT_CLASS = YES_ERROR;
				CLANG_WARN_RANGE_LOOP_ANALYSIS = YES;
				CLANG_WARN_STRICT_PROTOTYPES = YES;
				CLANG_WARN_SUSPICIOUS_MOVE = YES;
				CLANG_WARN_UNGUARDED_AVAILABILITY = YES_AGGRESSIVE;
				CLANG_WARN_UNREACHABLE_CODE = YES;
				CLANG_WARN__DUPLICATE_METHOD_MATCH = YES;
				COPY_PHASE_STRIP = NO;
				DEBUG_INFORMATION_FORMAT = "dwarf-with-dsym";
				ENABLE_NS_ASSERTIONS = NO;
				ENABLE_STRICT_OBJC_MSGSEND = YES;
				GCC_C_LANGUAGE_STANDARD = gnu11;
				GCC_NO_COMMON_BLOCKS = YES;
				GCC_WARN_64_TO_32_BIT_CONVERSION = YES;
				GCC_WARN_ABOUT_RETURN_TYPE = YES_ERROR;
				GCC_WARN_UNDECLARED_SELECTOR = YES;
				GCC_WARN_UNINITIALIZED_AUTOS = YES_AGGRESSIVE;
				GCC_WARN_UNUSED_FUNCTION = YES;
				GCC_WARN_UNUSED_VARIABLE = YES;
				IPHONEOS_DEPLOYMENT_TARGET = 13.4;
				MTL_ENABLE_DEBUG_INFO = NO;
				MTL_FAST_MATH = YES;
				SDKROOT = iphoneos;
				SWIFT_COMPILATION_MODE = wholemodule;
				SWIFT_OPTIMIZATION_LEVEL = "-O";
				VALIDATE_PRODUCT = YES;
			};
			name = Release;
		};
		1A95B86F2442A1A3004CFF15 /* Debug */ = {
			isa = XCBuildConfiguration;
			buildSettings = {
				ASSETCATALOG_COMPILER_APPICON_NAME = AppIcon;
				CODE_SIGN_STYLE = Automatic;
				DEVELOPMENT_TEAM = L572823V5S;
				INFOPLIST_FILE = Flixster/Info.plist;
				LD_RUNPATH_SEARCH_PATHS = (
					"$(inherited)",
					"@executable_path/Frameworks",
				);
				PRODUCT_BUNDLE_IDENTIFIER = com.chasechipres.Flixster;
				PRODUCT_NAME = "$(TARGET_NAME)";
				SWIFT_VERSION = 5.0;
				TARGETED_DEVICE_FAMILY = "1,2";
			};
			name = Debug;
		};
		1A95B8702442A1A3004CFF15 /* Release */ = {
			isa = XCBuildConfiguration;
			buildSettings = {
				ASSETCATALOG_COMPILER_APPICON_NAME = AppIcon;
				CODE_SIGN_STYLE = Automatic;
				DEVELOPMENT_TEAM = L572823V5S;
				INFOPLIST_FILE = Flixster/Info.plist;
				LD_RUNPATH_SEARCH_PATHS = (
					"$(inherited)",
					"@executable_path/Frameworks",
				);
				PRODUCT_BUNDLE_IDENTIFIER = com.chasechipres.Flixster;
				PRODUCT_NAME = "$(TARGET_NAME)";
				SWIFT_VERSION = 5.0;
				TARGETED_DEVICE_FAMILY = "1,2";
			};
			name = Release;
		};
		1A95B8722442A1A3004CFF15 /* Debug */ = {
			isa = XCBuildConfiguration;
			buildSettings = {
				ALWAYS_EMBED_SWIFT_STANDARD_LIBRARIES = YES;
				BUNDLE_LOADER = "$(TEST_HOST)";
				CODE_SIGN_STYLE = Automatic;
				DEVELOPMENT_TEAM = L572823V5S;
				INFOPLIST_FILE = FlixsterTests/Info.plist;
				IPHONEOS_DEPLOYMENT_TARGET = 13.4;
				LD_RUNPATH_SEARCH_PATHS = (
					"$(inherited)",
					"@executable_path/Frameworks",
					"@loader_path/Frameworks",
				);
				PRODUCT_BUNDLE_IDENTIFIER = com.chasechipres.FlixsterTests;
				PRODUCT_NAME = "$(TARGET_NAME)";
				SWIFT_VERSION = 5.0;
				TARGETED_DEVICE_FAMILY = "1,2";
				TEST_HOST = "$(BUILT_PRODUCTS_DIR)/Flixster.app/Flixster";
			};
			name = Debug;
		};
		1A95B8732442A1A3004CFF15 /* Release */ = {
			isa = XCBuildConfiguration;
			buildSettings = {
				ALWAYS_EMBED_SWIFT_STANDARD_LIBRARIES = YES;
				BUNDLE_LOADER = "$(TEST_HOST)";
				CODE_SIGN_STYLE = Automatic;
				DEVELOPMENT_TEAM = L572823V5S;
				INFOPLIST_FILE = FlixsterTests/Info.plist;
				IPHONEOS_DEPLOYMENT_TARGET = 13.4;
				LD_RUNPATH_SEARCH_PATHS = (
					"$(inherited)",
					"@executable_path/Frameworks",
					"@loader_path/Frameworks",
				);
				PRODUCT_BUNDLE_IDENTIFIER = com.chasechipres.FlixsterTests;
				PRODUCT_NAME = "$(TARGET_NAME)";
				SWIFT_VERSION = 5.0;
				TARGETED_DEVICE_FAMILY = "1,2";
				TEST_HOST = "$(BUILT_PRODUCTS_DIR)/Flixster.app/Flixster";
			};
			name = Release;
		};
		1A95B8752442A1A3004CFF15 /* Debug */ = {
			isa = XCBuildConfiguration;
			buildSettings = {
				ALWAYS_EMBED_SWIFT_STANDARD_LIBRARIES = YES;
				CODE_SIGN_STYLE = Automatic;
				DEVELOPMENT_TEAM = L572823V5S;
				INFOPLIST_FILE = FlixsterUITests/Info.plist;
				LD_RUNPATH_SEARCH_PATHS = (
					"$(inherited)",
					"@executable_path/Frameworks",
					"@loader_path/Frameworks",
				);
				PRODUCT_BUNDLE_IDENTIFIER = com.chasechipres.FlixsterUITests;
				PRODUCT_NAME = "$(TARGET_NAME)";
				SWIFT_VERSION = 5.0;
				TARGETED_DEVICE_FAMILY = "1,2";
				TEST_TARGET_NAME = Flixster;
			};
			name = Debug;
		};
		1A95B8762442A1A3004CFF15 /* Release */ = {
			isa = XCBuildConfiguration;
			buildSettings = {
				ALWAYS_EMBED_SWIFT_STANDARD_LIBRARIES = YES;
				CODE_SIGN_STYLE = Automatic;
				DEVELOPMENT_TEAM = L572823V5S;
				INFOPLIST_FILE = FlixsterUITests/Info.plist;
				LD_RUNPATH_SEARCH_PATHS = (
					"$(inherited)",
					"@executable_path/Frameworks",
					"@loader_path/Frameworks",
				);
				PRODUCT_BUNDLE_IDENTIFIER = com.chasechipres.FlixsterUITests;
				PRODUCT_NAME = "$(TARGET_NAME)";
				SWIFT_VERSION = 5.0;
				TARGETED_DEVICE_FAMILY = "1,2";
				TEST_TARGET_NAME = Flixster;
			};
			name = Release;
		};
/* End XCBuildConfiguration section */

/* Begin XCConfigurationList section */
		1A95B83F2442A1A1004CFF15 /* Build configuration list for PBXProject "Flixster" */ = {
			isa = XCConfigurationList;
			buildConfigurations = (
				1A95B86C2442A1A3004CFF15 /* Debug */,
				1A95B86D2442A1A3004CFF15 /* Release */,
			);
			defaultConfigurationIsVisible = 0;
			defaultConfigurationName = Release;
		};
		1A95B86E2442A1A3004CFF15 /* Build configuration list for PBXNativeTarget "Flixster" */ = {
			isa = XCConfigurationList;
			buildConfigurations = (
				1A95B86F2442A1A3004CFF15 /* Debug */,
				1A95B8702442A1A3004CFF15 /* Release */,
			);
			defaultConfigurationIsVisible = 0;
			defaultConfigurationName = Release;
		};
		1A95B8712442A1A3004CFF15 /* Build configuration list for PBXNativeTarget "FlixsterTests" */ = {
			isa = XCConfigurationList;
			buildConfigurations = (
				1A95B8722442A1A3004CFF15 /* Debug */,
				1A95B8732442A1A3004CFF15 /* Release */,
			);
			defaultConfigurationIsVisible = 0;
			defaultConfigurationName = Release;
		};
		1A95B8742442A1A3004CFF15 /* Build configuration list for PBXNativeTarget "FlixsterUITests" */ = {
			isa = XCConfigurationList;
			buildConfigurations = (
				1A95B8752442A1A3004CFF15 /* Debug */,
				1A95B8762442A1A3004CFF15 /* Release */,
			);
			defaultConfigurationIsVisible = 0;
			defaultConfigurationName = Release;
		};
/* End XCConfigurationList section */
	};
	rootObject = 1A95B83C2442A1A1004CFF15 /* Project object */;
}
